// !$*UTF8*$!
{
	archiveVersion = 1;
	classes = {
	};
	objectVersion = 46;
	objects = {

/* Begin PBXBuildFile section */
		5F50C89016A7F6BB008BBAE5 /* LTElement.m in Sources */ = {isa = PBXBuildFile; fileRef = 5F50C88B16A7F6BB008BBAE5 /* LTElement.m */; };
		5F50C89116A7F6BB008BBAE5 /* LTLightElement.m in Sources */ = {isa = PBXBuildFile; fileRef = 5F50C88D16A7F6BB008BBAE5 /* LTLightElement.m */; };
		5F50C89216A7F6BB008BBAE5 /* LTSketchpadView.m in Sources */ = {isa = PBXBuildFile; fileRef = 5F50C88F16A7F6BB008BBAE5 /* LTSketchpadView.m */; };
		5F50C89616A7F70D008BBAE5 /* LTTouchedView.m in Sources */ = {isa = PBXBuildFile; fileRef = 5F50C89516A7F70D008BBAE5 /* LTTouchedView.m */; };
		5F50C89916A7F750008BBAE5 /* LTTouchElement.m in Sources */ = {isa = PBXBuildFile; fileRef = 5F50C89816A7F750008BBAE5 /* LTTouchElement.m */; };
		5F91F7F416A64D5100D3C7B5 /* UIKit.framework in Frameworks */ = {isa = PBXBuildFile; fileRef = 5F91F7F316A64D5100D3C7B5 /* UIKit.framework */; };
		5F91F7F616A64D5100D3C7B5 /* Foundation.framework in Frameworks */ = {isa = PBXBuildFile; fileRef = 5F91F7F516A64D5100D3C7B5 /* Foundation.framework */; };
		5F91F7F816A64D5100D3C7B5 /* CoreGraphics.framework in Frameworks */ = {isa = PBXBuildFile; fileRef = 5F91F7F716A64D5100D3C7B5 /* CoreGraphics.framework */; };
		5F91F7FE16A64D5100D3C7B5 /* InfoPlist.strings in Resources */ = {isa = PBXBuildFile; fileRef = 5F91F7FC16A64D5100D3C7B5 /* InfoPlist.strings */; };
		5F91F80016A64D5100D3C7B5 /* main.m in Sources */ = {isa = PBXBuildFile; fileRef = 5F91F7FF16A64D5100D3C7B5 /* main.m */; };
		5F91F80416A64D5100D3C7B5 /* LTAppDelegate.m in Sources */ = {isa = PBXBuildFile; fileRef = 5F91F80316A64D5100D3C7B5 /* LTAppDelegate.m */; };
		5F91F80616A64D5100D3C7B5 /* Default.png in Resources */ = {isa = PBXBuildFile; fileRef = 5F91F80516A64D5100D3C7B5 /* Default.png */; };
		5F91F80816A64D5100D3C7B5 /* Default@2x.png in Resources */ = {isa = PBXBuildFile; fileRef = 5F91F80716A64D5100D3C7B5 /* Default@2x.png */; };
		5F91F80A16A64D5100D3C7B5 /* Default-568h@2x.png in Resources */ = {isa = PBXBuildFile; fileRef = 5F91F80916A64D5100D3C7B5 /* Default-568h@2x.png */; };
		5F91F81016A64D5100D3C7B5 /* LTViewController.xib in Resources */ = {isa = PBXBuildFile; fileRef = 5F91F80E16A64D5100D3C7B5 /* LTViewController.xib */; };
		5F91F81716A64DE200D3C7B5 /* GameKit.framework in Frameworks */ = {isa = PBXBuildFile; fileRef = 5F91F81616A64DE200D3C7B5 /* GameKit.framework */; };
		5F91F81C16A6573900D3C7B5 /* LTViewController.m in Sources */ = {isa = PBXBuildFile; fileRef = 5F91F81B16A6573900D3C7B5 /* LTViewController.m */; };
		5F91F81F16A6575500D3C7B5 /* LTLinker.m in Sources */ = {isa = PBXBuildFile; fileRef = 5F91F81E16A6575500D3C7B5 /* LTLinker.m */; };
		5F91F82216A6813100D3C7B5 /* LTData.m in Sources */ = {isa = PBXBuildFile; fileRef = 5F91F82116A6813100D3C7B5 /* LTData.m */; };
		5F91F82816A68C4900D3C7B5 /* LTTesterViewController.m in Sources */ = {isa = PBXBuildFile; fileRef = 5F91F82716A68C4900D3C7B5 /* LTTesterViewController.m */; };
		5F91F82E16A6909000D3C7B5 /* LTControllerViewController.m in Sources */ = {isa = PBXBuildFile; fileRef = 5F91F82C16A6909000D3C7B5 /* LTControllerViewController.m */; };
		5F91F82F16A6909000D3C7B5 /* LTControllerViewController.xib in Resources */ = {isa = PBXBuildFile; fileRef = 5F91F82D16A6909000D3C7B5 /* LTControllerViewController.xib */; };
/* End PBXBuildFile section */

/* Begin PBXFileReference section */
		5F50C88A16A7F6BB008BBAE5 /* LTElement.h */ = {isa = PBXFileReference; fileEncoding = 4; lastKnownFileType = sourcecode.c.h; path = LTElement.h; sourceTree = "<group>"; };
		5F50C88B16A7F6BB008BBAE5 /* LTElement.m */ = {isa = PBXFileReference; fileEncoding = 4; lastKnownFileType = sourcecode.c.objc; path = LTElement.m; sourceTree = "<group>"; };
		5F50C88C16A7F6BB008BBAE5 /* LTLightElement.h */ = {isa = PBXFileReference; fileEncoding = 4; lastKnownFileType = sourcecode.c.h; path = LTLightElement.h; sourceTree = "<group>"; };
		5F50C88D16A7F6BB008BBAE5 /* LTLightElement.m */ = {isa = PBXFileReference; fileEncoding = 4; lastKnownFileType = sourcecode.c.objc; path = LTLightElement.m; sourceTree = "<group>"; };
		5F50C88E16A7F6BB008BBAE5 /* LTSketchpadView.h */ = {isa = PBXFileReference; fileEncoding = 4; lastKnownFileType = sourcecode.c.h; path = LTSketchpadView.h; sourceTree = "<group>"; };
		5F50C88F16A7F6BB008BBAE5 /* LTSketchpadView.m */ = {isa = PBXFileReference; fileEncoding = 4; lastKnownFileType = sourcecode.c.objc; path = LTSketchpadView.m; sourceTree = "<group>"; };
		5F50C89416A7F70D008BBAE5 /* LTTouchedView.h */ = {isa = PBXFileReference; fileEncoding = 4; lastKnownFileType = sourcecode.c.h; path = LTTouchedView.h; sourceTree = "<group>"; };
		5F50C89516A7F70D008BBAE5 /* LTTouchedView.m */ = {isa = PBXFileReference; fileEncoding = 4; lastKnownFileType = sourcecode.c.objc; path = LTTouchedView.m; sourceTree = "<group>"; };
		5F50C89716A7F750008BBAE5 /* LTTouchElement.h */ = {isa = PBXFileReference; fileEncoding = 4; lastKnownFileType = sourcecode.c.h; path = LTTouchElement.h; sourceTree = "<group>"; };
		5F50C89816A7F750008BBAE5 /* LTTouchElement.m */ = {isa = PBXFileReference; fileEncoding = 4; lastKnownFileType = sourcecode.c.objc; path = LTTouchElement.m; sourceTree = "<group>"; };
		5F91F7EF16A64D5100D3C7B5 /* LieTester.app */ = {isa = PBXFileReference; explicitFileType = wrapper.application; includeInIndex = 0; path = LieTester.app; sourceTree = BUILT_PRODUCTS_DIR; };
		5F91F7F316A64D5100D3C7B5 /* UIKit.framework */ = {isa = PBXFileReference; lastKnownFileType = wrapper.framework; name = UIKit.framework; path = System/Library/Frameworks/UIKit.framework; sourceTree = SDKROOT; };
		5F91F7F516A64D5100D3C7B5 /* Foundation.framework */ = {isa = PBXFileReference; lastKnownFileType = wrapper.framework; name = Foundation.framework; path = System/Library/Frameworks/Foundation.framework; sourceTree = SDKROOT; };
		5F91F7F716A64D5100D3C7B5 /* CoreGraphics.framework */ = {isa = PBXFileReference; lastKnownFileType = wrapper.framework; name = CoreGraphics.framework; path = System/Library/Frameworks/CoreGraphics.framework; sourceTree = SDKROOT; };
		5F91F7FB16A64D5100D3C7B5 /* LieTester-Info.plist */ = {isa = PBXFileReference; lastKnownFileType = text.plist.xml; path = "LieTester-Info.plist"; sourceTree = "<group>"; };
		5F91F7FD16A64D5100D3C7B5 /* en */ = {isa = PBXFileReference; lastKnownFileType = text.plist.strings; name = en; path = en.lproj/InfoPlist.strings; sourceTree = "<group>"; };
		5F91F7FF16A64D5100D3C7B5 /* main.m */ = {isa = PBXFileReference; lastKnownFileType = sourcecode.c.objc; path = main.m; sourceTree = "<group>"; };
		5F91F80116A64D5100D3C7B5 /* LieTester-Prefix.pch */ = {isa = PBXFileReference; lastKnownFileType = sourcecode.c.h; path = "LieTester-Prefix.pch"; sourceTree = "<group>"; };
		5F91F80216A64D5100D3C7B5 /* LTAppDelegate.h */ = {isa = PBXFileReference; lastKnownFileType = sourcecode.c.h; path = LTAppDelegate.h; sourceTree = "<group>"; };
		5F91F80316A64D5100D3C7B5 /* LTAppDelegate.m */ = {isa = PBXFileReference; lastKnownFileType = sourcecode.c.objc; path = LTAppDelegate.m; sourceTree = "<group>"; };
		5F91F80516A64D5100D3C7B5 /* Default.png */ = {isa = PBXFileReference; lastKnownFileType = image.png; path = Default.png; sourceTree = "<group>"; };
		5F91F80716A64D5100D3C7B5 /* Default@2x.png */ = {isa = PBXFileReference; lastKnownFileType = image.png; path = "Default@2x.png"; sourceTree = "<group>"; };
		5F91F80916A64D5100D3C7B5 /* Default-568h@2x.png */ = {isa = PBXFileReference; lastKnownFileType = image.png; path = "Default-568h@2x.png"; sourceTree = "<group>"; };
		5F91F80F16A64D5100D3C7B5 /* en */ = {isa = PBXFileReference; lastKnownFileType = file.xib; name = en; path = en.lproj/LTViewController.xib; sourceTree = "<group>"; };
		5F91F81616A64DE200D3C7B5 /* GameKit.framework */ = {isa = PBXFileReference; lastKnownFileType = wrapper.framework; name = GameKit.framework; path = System/Library/Frameworks/GameKit.framework; sourceTree = SDKROOT; };
		5F91F81A16A6573900D3C7B5 /* LTViewController.h */ = {isa = PBXFileReference; fileEncoding = 4; lastKnownFileType = sourcecode.c.h; path = LTViewController.h; sourceTree = "<group>"; };
		5F91F81B16A6573900D3C7B5 /* LTViewController.m */ = {isa = PBXFileReference; fileEncoding = 4; lastKnownFileType = sourcecode.c.objc; path = LTViewController.m; sourceTree = "<group>"; };
		5F91F81D16A6575500D3C7B5 /* LTLinker.h */ = {isa = PBXFileReference; fileEncoding = 4; lastKnownFileType = sourcecode.c.h; path = LTLinker.h; sourceTree = "<group>"; };
		5F91F81E16A6575500D3C7B5 /* LTLinker.m */ = {isa = PBXFileReference; fileEncoding = 4; lastKnownFileType = sourcecode.c.objc; path = LTLinker.m; sourceTree = "<group>"; };
		5F91F82016A6813100D3C7B5 /* LTData.h */ = {isa = PBXFileReference; fileEncoding = 4; lastKnownFileType = sourcecode.c.h; path = LTData.h; sourceTree = "<group>"; };
		5F91F82116A6813100D3C7B5 /* LTData.m */ = {isa = PBXFileReference; fileEncoding = 4; lastKnownFileType = sourcecode.c.objc; path = LTData.m; sourceTree = "<group>"; };
		5F91F82616A68C4900D3C7B5 /* LTTesterViewController.h */ = {isa = PBXFileReference; fileEncoding = 4; lastKnownFileType = sourcecode.c.h; path = LTTesterViewController.h; sourceTree = "<group>"; };
		5F91F82716A68C4900D3C7B5 /* LTTesterViewController.m */ = {isa = PBXFileReference; fileEncoding = 4; lastKnownFileType = sourcecode.c.objc; path = LTTesterViewController.m; sourceTree = "<group>"; };
		5F91F82B16A6909000D3C7B5 /* LTControllerViewController.h */ = {isa = PBXFileReference; fileEncoding = 4; lastKnownFileType = sourcecode.c.h; path = LTControllerViewController.h; sourceTree = "<group>"; };
		5F91F82C16A6909000D3C7B5 /* LTControllerViewController.m */ = {isa = PBXFileReference; fileEncoding = 4; lastKnownFileType = sourcecode.c.objc; path = LTControllerViewController.m; sourceTree = "<group>"; };
		5F91F82D16A6909000D3C7B5 /* LTControllerViewController.xib */ = {isa = PBXFileReference; fileEncoding = 4; lastKnownFileType = file.xib; path = LTControllerViewController.xib; sourceTree = "<group>"; };
/* End PBXFileReference section */

/* Begin PBXFrameworksBuildPhase section */
		5F91F7EC16A64D5100D3C7B5 /* Frameworks */ = {
			isa = PBXFrameworksBuildPhase;
			buildActionMask = 2147483647;
			files = (
				5F91F81716A64DE200D3C7B5 /* GameKit.framework in Frameworks */,
				5F91F7F416A64D5100D3C7B5 /* UIKit.framework in Frameworks */,
				5F91F7F616A64D5100D3C7B5 /* Foundation.framework in Frameworks */,
				5F91F7F816A64D5100D3C7B5 /* CoreGraphics.framework in Frameworks */,
			);
			runOnlyForDeploymentPostprocessing = 0;
		};
/* End PBXFrameworksBuildPhase section */

/* Begin PBXGroup section */
		5F50C86C16A7E165008BBAE5 /* View */ = {
			isa = PBXGroup;
			children = (
				5F50C89316A7F6DC008BBAE5 /* Touched */,
				5F50C88916A7F6BB008BBAE5 /* Sketchpad */,
			);
			path = View;
			sourceTree = "<group>";
		};
		5F50C88916A7F6BB008BBAE5 /* Sketchpad */ = {
			isa = PBXGroup;
			children = (
				5F50C88A16A7F6BB008BBAE5 /* LTElement.h */,
				5F50C88B16A7F6BB008BBAE5 /* LTElement.m */,
				5F50C88C16A7F6BB008BBAE5 /* LTLightElement.h */,
				5F50C88D16A7F6BB008BBAE5 /* LTLightElement.m */,
				5F50C88E16A7F6BB008BBAE5 /* LTSketchpadView.h */,
				5F50C88F16A7F6BB008BBAE5 /* LTSketchpadView.m */,
			);
			path = Sketchpad;
			sourceTree = "<group>";
		};
		5F50C89316A7F6DC008BBAE5 /* Touched */ = {
			isa = PBXGroup;
			children = (
				5F50C89416A7F70D008BBAE5 /* LTTouchedView.h */,
				5F50C89516A7F70D008BBAE5 /* LTTouchedView.m */,
				5F50C89716A7F750008BBAE5 /* LTTouchElement.h */,
				5F50C89816A7F750008BBAE5 /* LTTouchElement.m */,
			);
			path = Touched;
			sourceTree = "<group>";
		};
		5F91F7E416A64D5100D3C7B5 = {
			isa = PBXGroup;
			children = (
				5F91F7F916A64D5100D3C7B5 /* LieTester */,
				5F91F7F216A64D5100D3C7B5 /* Frameworks */,
				5F91F7F016A64D5100D3C7B5 /* Products */,
			);
			sourceTree = "<group>";
		};
		5F91F7F016A64D5100D3C7B5 /* Products */ = {
			isa = PBXGroup;
			children = (
				5F91F7EF16A64D5100D3C7B5 /* LieTester.app */,
			);
			name = Products;
			sourceTree = "<group>";
		};
		5F91F7F216A64D5100D3C7B5 /* Frameworks */ = {
			isa = PBXGroup;
			children = (
				5F91F81616A64DE200D3C7B5 /* GameKit.framework */,
				5F91F7F316A64D5100D3C7B5 /* UIKit.framework */,
				5F91F7F516A64D5100D3C7B5 /* Foundation.framework */,
				5F91F7F716A64D5100D3C7B5 /* CoreGraphics.framework */,
			);
			name = Frameworks;
			sourceTree = "<group>";
		};
		5F91F7F916A64D5100D3C7B5 /* LieTester */ = {
			isa = PBXGroup;
			children = (
				5F91F81816A6573900D3C7B5 /* Tools */,
				5F91F81916A6573900D3C7B5 /* ViewController */,
				5F50C86C16A7E165008BBAE5 /* View */,
				5F91F80216A64D5100D3C7B5 /* LTAppDelegate.h */,
				5F91F80316A64D5100D3C7B5 /* LTAppDelegate.m */,
				5F91F80E16A64D5100D3C7B5 /* LTViewController.xib */,
				5F91F7FA16A64D5100D3C7B5 /* Supporting Files */,
			);
			path = LieTester;
			sourceTree = "<group>";
		};
		5F91F7FA16A64D5100D3C7B5 /* Supporting Files */ = {
			isa = PBXGroup;
			children = (
				5F91F7FB16A64D5100D3C7B5 /* LieTester-Info.plist */,
				5F91F7FC16A64D5100D3C7B5 /* InfoPlist.strings */,
				5F91F7FF16A64D5100D3C7B5 /* main.m */,
				5F91F80116A64D5100D3C7B5 /* LieTester-Prefix.pch */,
				5F91F80516A64D5100D3C7B5 /* Default.png */,
				5F91F80716A64D5100D3C7B5 /* Default@2x.png */,
				5F91F80916A64D5100D3C7B5 /* Default-568h@2x.png */,
			);
			name = "Supporting Files";
			sourceTree = "<group>";
		};
		5F91F81816A6573900D3C7B5 /* Tools */ = {
			isa = PBXGroup;
			children = (
				5F91F81D16A6575500D3C7B5 /* LTLinker.h */,
				5F91F81E16A6575500D3C7B5 /* LTLinker.m */,
				5F91F82016A6813100D3C7B5 /* LTData.h */,
				5F91F82116A6813100D3C7B5 /* LTData.m */,
			);
			path = Tools;
			sourceTree = "<group>";
		};
		5F91F81916A6573900D3C7B5 /* ViewController */ = {
			isa = PBXGroup;
			children = (
				5F91F81A16A6573900D3C7B5 /* LTViewController.h */,
				5F91F81B16A6573900D3C7B5 /* LTViewController.m */,
				5F91F82616A68C4900D3C7B5 /* LTTesterViewController.h */,
				5F91F82716A68C4900D3C7B5 /* LTTesterViewController.m */,
				5F91F82B16A6909000D3C7B5 /* LTControllerViewController.h */,
				5F91F82C16A6909000D3C7B5 /* LTControllerViewController.m */,
				5F91F82D16A6909000D3C7B5 /* LTControllerViewController.xib */,
			);
			path = ViewController;
			sourceTree = "<group>";
		};
/* End PBXGroup section */

/* Begin PBXNativeTarget section */
		5F91F7EE16A64D5100D3C7B5 /* LieTester */ = {
			isa = PBXNativeTarget;
			buildConfigurationList = 5F91F81316A64D5100D3C7B5 /* Build configuration list for PBXNativeTarget "LieTester" */;
			buildPhases = (
				5F91F7EB16A64D5100D3C7B5 /* Sources */,
				5F91F7EC16A64D5100D3C7B5 /* Frameworks */,
				5F91F7ED16A64D5100D3C7B5 /* Resources */,
			);
			buildRules = (
			);
			dependencies = (
			);
			name = LieTester;
			productName = LieTester;
			productReference = 5F91F7EF16A64D5100D3C7B5 /* LieTester.app */;
			productType = "com.apple.product-type.application";
		};
/* End PBXNativeTarget section */

/* Begin PBXProject section */
		5F91F7E616A64D5100D3C7B5 /* Project object */ = {
			isa = PBXProject;
			attributes = {
				CLASSPREFIX = LT;
				LastUpgradeCheck = 0450;
				ORGANIZATIONNAME = "zrz(Gen)";
			};
			buildConfigurationList = 5F91F7E916A64D5100D3C7B5 /* Build configuration list for PBXProject "LieTester" */;
			compatibilityVersion = "Xcode 3.2";
			developmentRegion = English;
			hasScannedForEncodings = 0;
			knownRegions = (
				en,
			);
			mainGroup = 5F91F7E416A64D5100D3C7B5;
			productRefGroup = 5F91F7F016A64D5100D3C7B5 /* Products */;
			projectDirPath = "";
			projectRoot = "";
			targets = (
				5F91F7EE16A64D5100D3C7B5 /* LieTester */,
			);
		};
/* End PBXProject section */

/* Begin PBXResourcesBuildPhase section */
		5F91F7ED16A64D5100D3C7B5 /* Resources */ = {
			isa = PBXResourcesBuildPhase;
			buildActionMask = 2147483647;
			files = (
				5F91F7FE16A64D5100D3C7B5 /* InfoPlist.strings in Resources */,
				5F91F80616A64D5100D3C7B5 /* Default.png in Resources */,
				5F91F80816A64D5100D3C7B5 /* Default@2x.png in Resources */,
				5F91F80A16A64D5100D3C7B5 /* Default-568h@2x.png in Resources */,
				5F91F81016A64D5100D3C7B5 /* LTViewController.xib in Resources */,
				5F91F82F16A6909000D3C7B5 /* LTControllerViewController.xib in Resources */,
			);
			runOnlyForDeploymentPostprocessing = 0;
		};
/* End PBXResourcesBuildPhase section */

/* Begin PBXSourcesBuildPhase section */
		5F91F7EB16A64D5100D3C7B5 /* Sources */ = {
			isa = PBXSourcesBuildPhase;
			buildActionMask = 2147483647;
			files = (
				5F91F80016A64D5100D3C7B5 /* main.m in Sources */,
				5F91F80416A64D5100D3C7B5 /* LTAppDelegate.m in Sources */,
				5F91F81C16A6573900D3C7B5 /* LTViewController.m in Sources */,
				5F91F81F16A6575500D3C7B5 /* LTLinker.m in Sources */,
				5F91F82216A6813100D3C7B5 /* LTData.m in Sources */,
				5F91F82816A68C4900D3C7B5 /* LTTesterViewController.m in Sources */,
				5F91F82E16A6909000D3C7B5 /* LTControllerViewController.m in Sources */,
				5F50C89016A7F6BB008BBAE5 /* LTElement.m in Sources */,
				5F50C89116A7F6BB008BBAE5 /* LTLightElement.m in Sources */,
				5F50C89216A7F6BB008BBAE5 /* LTSketchpadView.m in Sources */,
				5F50C89616A7F70D008BBAE5 /* LTTouchedView.m in Sources */,
				5F50C89916A7F750008BBAE5 /* LTTouchElement.m in Sources */,
			);
			runOnlyForDeploymentPostprocessing = 0;
		};
/* End PBXSourcesBuildPhase section */

/* Begin PBXVariantGroup section */
		5F91F7FC16A64D5100D3C7B5 /* InfoPlist.strings */ = {
			isa = PBXVariantGroup;
			children = (
				5F91F7FD16A64D5100D3C7B5 /* en */,
			);
			name = InfoPlist.strings;
			sourceTree = "<group>";
		};
		5F91F80E16A64D5100D3C7B5 /* LTViewController.xib */ = {
			isa = PBXVariantGroup;
			children = (
				5F91F80F16A64D5100D3C7B5 /* en */,
			);
			name = LTViewController.xib;
			sourceTree = "<group>";
		};
/* End PBXVariantGroup section */

/* Begin XCBuildConfiguration section */
		5F91F81116A64D5100D3C7B5 /* Debug */ = {
			isa = XCBuildConfiguration;
			buildSettings = {
				ALWAYS_SEARCH_USER_PATHS = NO;
				CLANG_CXX_LANGUAGE_STANDARD = "gnu++0x";
				CLANG_CXX_LIBRARY = "libc++";
				CLANG_ENABLE_OBJC_ARC = YES;
				CLANG_WARN_EMPTY_BODY = YES;
				CLANG_WARN__DUPLICATE_METHOD_MATCH = YES;
				"CODE_SIGN_IDENTITY[sdk=iphoneos*]" = "iPhone Developer";
				COPY_PHASE_STRIP = NO;
				GCC_C_LANGUAGE_STANDARD = gnu99;
				GCC_DYNAMIC_NO_PIC = NO;
				GCC_OPTIMIZATION_LEVEL = 0;
				GCC_PREPROCESSOR_DEFINITIONS = (
					"DEBUG=1",
					"$(inherited)",
				);
				GCC_SYMBOLS_PRIVATE_EXTERN = NO;
				GCC_WARN_ABOUT_RETURN_TYPE = YES;
				GCC_WARN_UNINITIALIZED_AUTOS = YES;
				GCC_WARN_UNUSED_VARIABLE = YES;
				IPHONEOS_DEPLOYMENT_TARGET = 6.0;
				SDKROOT = iphoneos;
			};
			name = Debug;
		};
		5F91F81216A64D5100D3C7B5 /* Release */ = {
			isa = XCBuildConfiguration;
			buildSettings = {
				ALWAYS_SEARCH_USER_PATHS = NO;
				CLANG_CXX_LANGUAGE_STANDARD = "gnu++0x";
				CLANG_CXX_LIBRARY = "libc++";
				CLANG_ENABLE_OBJC_ARC = YES;
				CLANG_WARN_EMPTY_BODY = YES;
				CLANG_WARN__DUPLICATE_METHOD_MATCH = YES;
				"CODE_SIGN_IDENTITY[sdk=iphoneos*]" = "iPhone Developer";
				COPY_PHASE_STRIP = YES;
				GCC_C_LANGUAGE_STANDARD = gnu99;
				GCC_WARN_ABOUT_RETURN_TYPE = YES;
				GCC_WARN_UNINITIALIZED_AUTOS = YES;
				GCC_WARN_UNUSED_VARIABLE = YES;
				IPHONEOS_DEPLOYMENT_TARGET = 6.0;
				OTHER_CFLAGS = "-DNS_BLOCK_ASSERTIONS=1";
				SDKROOT = iphoneos;
				VALIDATE_PRODUCT = YES;
			};
			name = Release;
		};
		5F91F81416A64D5100D3C7B5 /* Debug */ = {
			isa = XCBuildConfiguration;
			buildSettings = {
				GCC_PRECOMPILE_PREFIX_HEADER = YES;
				GCC_PREFIX_HEADER = "LieTester/LieTester-Prefix.pch";
				INFOPLIST_FILE = "LieTester/LieTester-Info.plist";
				PRODUCT_NAME = "$(TARGET_NAME)";
				WRAPPER_EXTENSION = app;
			};
			name = Debug;
		};
		5F91F81516A64D5100D3C7B5 /* Release */ = {
			isa = XCBuildConfiguration;
			buildSettings = {
				GCC_PRECOMPILE_PREFIX_HEADER = YES;
				GCC_PREFIX_HEADER = "LieTester/LieTester-Prefix.pch";
				INFOPLIST_FILE = "LieTester/LieTester-Info.plist";
				PRODUCT_NAME = "$(TARGET_NAME)";
				WRAPPER_EXTENSION = app;
			};
			name = Release;
		};
/* End XCBuildConfiguration section */

/* Begin XCConfigurationList section */
		5F91F7E916A64D5100D3C7B5 /* Build configuration list for PBXProject "LieTester" */ = {
			isa = XCConfigurationList;
			buildConfigurations = (
				5F91F81116A64D5100D3C7B5 /* Debug */,
				5F91F81216A64D5100D3C7B5 /* Release */,
			);
			defaultConfigurationIsVisible = 0;
			defaultConfigurationName = Release;
		};
		5F91F81316A64D5100D3C7B5 /* Build configuration list for PBXNativeTarget "LieTester" */ = {
			isa = XCConfigurationList;
			buildConfigurations = (
				5F91F81416A64D5100D3C7B5 /* Debug */,
				5F91F81516A64D5100D3C7B5 /* Release */,
			);
			defaultConfigurationIsVisible = 0;
			defaultConfigurationName = Release;
		};
/* End XCConfigurationList section */
	};
	rootObject = 5F91F7E616A64D5100D3C7B5 /* Project object */;
}
